Microsoft Visual Studio Solution File, Format Version 12.00
# Visual Studio Version 17
VisualStudioVersion = 17.5.2.0
MinimumVisualStudioVersion = 10.0.40219.1
Project("{FAE04EC0-301F-11D3-BF4B-00C04F79EFBC}") = "MedicalCabinetAPI", "MedicalCabinetAPI.csproj", "{C64C06D2-D172-0711-1F54-9E3055E01D7C}"
EndProject
Global
	GlobalSection(SolutionConfigurationPlatforms) = preSolution
		Debug|Any CPU = Debug|Any CPU
		Release|Any CPU = Release|Any CPU
	EndGlobalSection
	GlobalSection(ProjectConfigurationPlatforms) = postSolution
		{C64C06D2-D172-0711-1F54-9E3055E01D7C}.Debug|Any CPU.ActiveCfg = Debug|Any CPU
		{C64C06D2-D172-0711-1F54-9E3055E01D7C}.Debug|Any CPU.Build.0 = Debug|Any CPU
		{C64C06D2-D172-0711-1F54-9E3055E01D7C}.Release|Any CPU.ActiveCfg = Release|Any CPU
		{C64C06D2-D172-0711-1F54-9E3055E01D7C}.Release|Any CPU.Build.0 = Release|Any CPU
	EndGlobalSection
	GlobalSection(SolutionProperties) = preSolution
		HideSolutionNode = FALSE
	EndGlobalSection
	GlobalSection(ExtensibilityGlobals) = postSolution
		SolutionGuid = {AB5F42B7-A34E-403D-A16F-F35F6EE3E66F}
	EndGlobalSection
EndGlobal
